// !$*UTF8*$!
{
	archiveVersion = 1;
	classes = {
	};
	objectVersion = 77;
	objects = {

/* Begin PBXContainerItemProxy section */
		9712D5892CD40FA200A2C112 /* PBXContainerItemProxy */ = {
			isa = PBXContainerItemProxy;
			containerPortal = 9712D56A2CD40FA000A2C112 /* Project object */;
			proxyType = 1;
			remoteGlobalIDString = 9712D5712CD40FA000A2C112;
			remoteInfo = contactslist;
		};
		9712D5932CD40FA200A2C112 /* PBXContainerItemProxy */ = {
			isa = PBXContainerItemProxy;
			containerPortal = 9712D56A2CD40FA000A2C112 /* Project object */;
			proxyType = 1;
			remoteGlobalIDString = 9712D5712CD40FA000A2C112;
			remoteInfo = contactslist;
		};
/* End PBXContainerItemProxy section */

/* Begin PBXFileReference section */
		9712D5722CD40FA000A2C112 /* contactslist.app */ = {isa = PBXFileReference; explicitFileType = wrapper.application; includeInIndex = 0; path = contactslist.app; sourceTree = BUILT_PRODUCTS_DIR; };
		9712D5882CD40FA200A2C112 /* contactslistTests.xctest */ = {isa = PBXFileReference; explicitFileType = wrapper.cfbundle; includeInIndex = 0; path = contactslistTests.xctest; sourceTree = BUILT_PRODUCTS_DIR; };
		9712D5922CD40FA200A2C112 /* contactslistUITests.xctest */ = {isa = PBXFileReference; explicitFileType = wrapper.cfbundle; includeInIndex = 0; path = contactslistUITests.xctest; sourceTree = BUILT_PRODUCTS_DIR; };
/* End PBXFileReference section */

/* Begin PBXFileSystemSynchronizedBuildFileExceptionSet section */
		9712D59A2CD40FA200A2C112 /* Exceptions for "contactslist" folder in "contactslist" target */ = {
			isa = PBXFileSystemSynchronizedBuildFileExceptionSet;
			membershipExceptions = (
				Info.plist,
			);
			target = 9712D5712CD40FA000A2C112 /* contactslist */;
		};
/* End PBXFileSystemSynchronizedBuildFileExceptionSet section */

/* Begin PBXFileSystemSynchronizedRootGroup section */
		9712D5742CD40FA000A2C112 /* contactslist */ = {
			isa = PBXFileSystemSynchronizedRootGroup;
			exceptions = (
				9712D59A2CD40FA200A2C112 /* Exceptions for "contactslist" folder in "contactslist" target */,
			);
			path = contactslist;
			sourceTree = "<group>";
		};
		9712D58B2CD40FA200A2C112 /* contactslistTests */ = {
			isa = PBXFileSystemSynchronizedRootGroup;
			path = contactslistTests;
			sourceTree = "<group>";
		};
		9712D5952CD40FA200A2C112 /* contactslistUITests */ = {
			isa = PBXFileSystemSynchronizedRootGroup;
			path = contactslistUITests;
			sourceTree = "<group>";
		};
/* End PBXFileSystemSynchronizedRootGroup section */

/* Begin PBXFrameworksBuildPhase section */
		9712D56F2CD40FA000A2C112 /* Frameworks */ = {
			isa = PBXFrameworksBuildPhase;
			buildActionMask = 2147483647;
			files = (
			);
			runOnlyForDeploymentPostprocessing = 0;
		};
		9712D5852CD40FA200A2C112 /* Frameworks */ = {
			isa = PBXFrameworksBuildPhase;
			buildActionMask = 2147483647;
			files = (
			);
			runOnlyForDeploymentPostprocessing = 0;
		};
		9712D58F2CD40FA200A2C112 /* Frameworks */ = {
			isa = PBXFrameworksBuildPhase;
			buildActionMask = 2147483647;
			files = (
			);
			runOnlyForDeploymentPostprocessing = 0;
		};
/* End PBXFrameworksBuildPhase section */

/* Begin PBXGroup section */
		9712D5692CD40FA000A2C112 = {
			isa = PBXGroup;
			children = (
				9712D5742CD40FA000A2C112 /* contactslist */,
				9712D58B2CD40FA200A2C112 /* contactslistTests */,
				9712D5952CD40FA200A2C112 /* contactslistUITests */,
				9712D5732CD40FA000A2C112 /* Products */,
			);
			sourceTree = "<group>";
		};
		9712D5732CD40FA000A2C112 /* Products */ = {
			isa = PBXGroup;
			children = (
				9712D5722CD40FA000A2C112 /* contactslist.app */,
				9712D5882CD40FA200A2C112 /* contactslistTests.xctest */,
				9712D5922CD40FA200A2C112 /* contactslistUITests.xctest */,
			);
			name = Products;
			sourceTree = "<group>";
		};
/* End PBXGroup section */

/* Begin PBXNativeTarget section */
		9712D5712CD40FA000A2C112 /* contactslist */ = {
			isa = PBXNativeTarget;
			buildConfigurationList = 9712D59B2CD40FA200A2C112 /* Build configuration list for PBXNativeTarget "contactslist" */;
			buildPhases = (
				9712D56E2CD40FA000A2C112 /* Sources */,
				9712D56F2CD40FA000A2C112 /* Frameworks */,
				9712D5702CD40FA000A2C112 /* Resources */,
			);
			buildRules = (
			);
			dependencies = (
			);
			fileSystemSynchronizedGroups = (
				9712D5742CD40FA000A2C112 /* contactslist */,
			);
			name = contactslist;
			packageProductDependencies = (
			);
			productName = contactslist;
			productReference = 9712D5722CD40FA000A2C112 /* contactslist.app */;
			productType = "com.apple.product-type.application";
		};
		9712D5872CD40FA200A2C112 /* contactslistTests */ = {
			isa = PBXNativeTarget;
			buildConfigurationList = 9712D5A02CD40FA200A2C112 /* Build configuration list for PBXNativeTarget "contactslistTests" */;
			buildPhases = (
				9712D5842CD40FA200A2C112 /* Sources */,
				9712D5852CD40FA200A2C112 /* Frameworks */,
				9712D5862CD40FA200A2C112 /* Resources */,
			);
			buildRules = (
			);
			dependencies = (
				9712D58A2CD40FA200A2C112 /* PBXTargetDependency */,
			);
			fileSystemSynchronizedGroups = (
				9712D58B2CD40FA200A2C112 /* contactslistTests */,
			);
			name = contactslistTests;
			packageProductDependencies = (
			);
			productName = contactslistTests;
			productReference = 9712D5882CD40FA200A2C112 /* contactslistTests.xctest */;
			productType = "com.apple.product-type.bundle.unit-test";
		};
		9712D5912CD40FA200A2C112 /* contactslistUITests */ = {
			isa = PBXNativeTarget;
			buildConfigurationList = 9712D5A32CD40FA200A2C112 /* Build configuration list for PBXNativeTarget "contactslistUITests" */;
			buildPhases = (
				9712D58E2CD40FA200A2C112 /* Sources */,
				9712D58F2CD40FA200A2C112 /* Frameworks */,
				9712D5902CD40FA200A2C112 /* Resources */,
			);
			buildRules = (
			);
			dependencies = (
				9712D5942CD40FA200A2C112 /* PBXTargetDependency */,
			);
			fileSystemSynchronizedGroups = (
				9712D5952CD40FA200A2C112 /* contactslistUITests */,
			);
			name = contactslistUITests;
			packageProductDependencies = (
			);
			productName = contactslistUITests;
			productReference = 9712D5922CD40FA200A2C112 /* contactslistUITests.xctest */;
			productType = "com.apple.product-type.bundle.ui-testing";
		};
/* End PBXNativeTarget section */

/* Begin PBXProject section */
		9712D56A2CD40FA000A2C112 /* Project object */ = {
			isa = PBXProject;
			attributes = {
				BuildIndependentTargetsInParallel = 1;
				LastSwiftUpdateCheck = 1600;
				LastUpgradeCheck = 1600;
				TargetAttributes = {
					9712D5712CD40FA000A2C112 = {
						CreatedOnToolsVersion = 16.0;
					};
					9712D5872CD40FA200A2C112 = {
						CreatedOnToolsVersion = 16.0;
						TestTargetID = 9712D5712CD40FA000A2C112;
					};
					9712D5912CD40FA200A2C112 = {
						CreatedOnToolsVersion = 16.0;
						TestTargetID = 9712D5712CD40FA000A2C112;
					};
				};
			};
			buildConfigurationList = 9712D56D2CD40FA000A2C112 /* Build configuration list for PBXProject "contactslist" */;
			developmentRegion = en;
			hasScannedForEncodings = 0;
			knownRegions = (
				en,
				Base,
			);
			mainGroup = 9712D5692CD40FA000A2C112;
			minimizedProjectReferenceProxies = 1;
			preferredProjectObjectVersion = 77;
			productRefGroup = 9712D5732CD40FA000A2C112 /* Products */;
			projectDirPath = "";
			projectRoot = "";
			targets = (
				9712D5712CD40FA000A2C112 /* contactslist */,
				9712D5872CD40FA200A2C112 /* contactslistTests */,
				9712D5912CD40FA200A2C112 /* contactslistUITests */,
			);
		};
/* End PBXProject section */

/* Begin PBXResourcesBuildPhase section */
		9712D5702CD40FA000A2C112 /* Resources */ = {
			isa = PBXResourcesBuildPhase;
			buildActionMask = 2147483647;
			files = (
			);
			runOnlyForDeploymentPostprocessing = 0;
		};
		9712D5862CD40FA200A2C112 /* Resources */ = {
			isa = PBXResourcesBuildPhase;
			buildActionMask = 2147483647;
			files = (
			);
			runOnlyForDeploymentPostprocessing = 0;
		};
		9712D5902CD40FA200A2C112 /* Resources */ = {
			isa = PBXResourcesBuildPhase;
			buildActionMask = 2147483647;
			files = (
			);
			runOnlyForDeploymentPostprocessing = 0;
		};
/* End PBXResourcesBuildPhase section */

/* Begin PBXSourcesBuildPhase section */
		9712D56E2CD40FA000A2C112 /* Sources */ = {
			isa = PBXSourcesBuildPhase;
			buildActionMask = 2147483647;
			files = (
			);
			runOnlyForDeploymentPostprocessing = 0;
		};
		9712D5842CD40FA200A2C112 /* Sources */ = {
			isa = PBXSourcesBuildPhase;
			buildActionMask = 2147483647;
			files = (
			);
			runOnlyForDeploymentPostprocessing = 0;
		};
		9712D58E2CD40FA200A2C112 /* Sources */ = {
			isa = PBXSourcesBuildPhase;
			buildActionMask = 2147483647;
			files = (
			);
			runOnlyForDeploymentPostprocessing = 0;
		};
/* End PBXSourcesBuildPhase section */

/* Begin PBXTargetDependency section */
		9712D58A2CD40FA200A2C112 /* PBXTargetDependency */ = {
			isa = PBXTargetDependency;
			target = 9712D5712CD40FA000A2C112 /* contactslist */;
			targetProxy = 9712D5892CD40FA200A2C112 /* PBXContainerItemProxy */;
		};
		9712D5942CD40FA200A2C112 /* PBXTargetDependency */ = {
			isa = PBXTargetDependency;
			target = 9712D5712CD40FA000A2C112 /* contactslist */;
			targetProxy = 9712D5932CD40FA200A2C112 /* PBXContainerItemProxy */;
		};
/* End PBXTargetDependency section */

/* Begin XCBuildConfiguration section */
		9712D59C2CD40FA200A2C112 /* Debug */ = {
			isa = XCBuildConfiguration;
			buildSettings = {
				ASSETCATALOG_COMPILER_APPICON_NAME = AppIcon;
				ASSETCATALOG_COMPILER_GLOBAL_ACCENT_COLOR_NAME = AccentColor;
				CODE_SIGN_STYLE = Automatic;
				CURRENT_PROJECT_VERSION = 1;
				DEVELOPMENT_TEAM = XD924RPS39;
				GENERATE_INFOPLIST_FILE = YES;
				INFOPLIST_FILE = contactslist/Info.plist;
				INFOPLIST_KEY_UIApplicationSupportsIndirectInputEvents = YES;
				INFOPLIST_KEY_UILaunchStoryboardName = LaunchScreen;
				INFOPLIST_KEY_UIMainStoryboardFile = Main;
				INFOPLIST_KEY_UISupportedInterfaceOrientations_iPad = "UIInterfaceOrientationPortrait UIInterfaceOrientationPortraitUpsideDown UIInterfaceOrientationLandscapeLeft UIInterfaceOrientationLandscapeRight";
				INFOPLIST_KEY_UISupportedInterfaceOrientations_iPhone = "UIInterfaceOrientationPortrait UIInterfaceOrientationLandscapeLeft UIInterfaceOrientationLandscapeRight";
				LD_RUNPATH_SEARCH_PATHS = (
					"$(inherited)",
					"@executable_path/Frameworks",
				);
				MARKETING_VERSION = 1.0;
				PRODUCT_BUNDLE_IDENTIFIER = kz.mobidev.contactslist;
				PRODUCT_NAME = "$(TARGET_NAME)";
				SUPPORTED_PLATFORMS = "iphoneos iphonesimulator";
				SUPPORTS_MACCATALYST = NO;
				SUPPORTS_MAC_DESIGNED_FOR_IPHONE_IPAD = NO;
				SUPPORTS_XR_DESIGNED_FOR_IPHONE_IPAD = NO;
				SWIFT_EMIT_LOC_STRINGS = YES;
				SWIFT_VERSION = 5.0;
				TARGETED_DEVICE_FAMILY = "1,2";
			};
			name = Debug;
		};
		9712D59D2CD40FA200A2C112 /* Release */ = {
			isa = XCBuildConfiguration;
			buildSettings = {
				ASSETCATALOG_COMPILER_APPICON_NAME = AppIcon;
				ASSETCATALOG_COMPILER_GLOBAL_ACCENT_COLOR_NAME = AccentColor;
				CODE_SIGN_STYLE = Automatic;
				CURRENT_PROJECT_VERSION = 1;
				DEVELOPMENT_TEAM = XD924RPS39;
				GENERATE_INFOPLIST_FILE = YES;
				INFOPLIST_FILE = contactslist/Info.plist;
				INFOPLIST_KEY_UIApplicationSupportsIndirectInputEvents = YES;
				INFOPLIST_KEY_UILaunchStoryboardName = LaunchScreen;
				INFOPLIST_KEY_UIMainStoryboardFile = Main;
				INFOPLIST_KEY_UISupportedInterfaceOrientations_iPad = "UIInterfaceOrientationPortrait UIInterfaceOrientationPortraitUpsideDown UIInterfaceOrientationLandscapeLeft UIInterfaceOrientationLandscapeRight";
				INFOPLIST_KEY_UISupportedInterfaceOrientations_iPhone = "UIInterfaceOrientationPortrait UIInterfaceOrientationLandscapeLeft UIInterfaceOrientationLandscapeRight";
				LD_RUNPATH_SEARCH_PATHS = (
					"$(inherited)",
					"@executable_path/Frameworks",
				);
				MARKETING_VERSION = 1.0;
				PRODUCT_BUNDLE_IDENTIFIER = kz.mobidev.contactslist;
				PRODUCT_NAME = "$(TARGET_NAME)";
				SUPPORTED_PLATFORMS = "iphoneos iphonesimulator";
				SUPPORTS_MACCATALYST = NO;
				SUPPORTS_MAC_DESIGNED_FOR_IPHONE_IPAD = NO;
				SUPPORTS_XR_DESIGNED_FOR_IPHONE_IPAD = NO;
				SWIFT_EMIT_LOC_STRINGS = YES;
				SWIFT_VERSION = 5.0;
				TARGETED_DEVICE_FAMILY = "1,2";
			};
			name = Release;
		};
		9712D59E2CD40FA200A2C112 /* Debug */ = {
			isa = XCBuildConfiguration;
			buildSettings = {
				ALWAYS_SEARCH_USER_PATHS = NO;
				ASSETCATALOG_COMPILER_GENERATE_SWIFT_ASSET_SYMBOL_EXTENSIONS = YES;
				CLANG_ANALYZER_NONNULL = YES;
				CLANG_ANALYZER_NUMBER_OBJECT_CONVERSION = YES_AGGRESSIVE;
				CLANG_CXX_LANGUAGE_STANDARD = "gnu++20";
				CLANG_ENABLE_MODULES = YES;
				CLANG_ENABLE_OBJC_ARC = YES;
				CLANG_ENABLE_OBJC_WEAK = YES;
				CLANG_WARN_BLOCK_CAPTURE_AUTORELEASING = YES;
				CLANG_WARN_BOOL_CONVERSION = YES;
				CLANG_WARN_COMMA = YES;
				CLANG_WARN_CONSTANT_CONVERSION = YES;
				CLANG_WARN_DEPRECATED_OBJC_IMPLEMENTATIONS = YES;
				CLANG_WARN_DIRECT_OBJC_ISA_USAGE = YES_ERROR;
				CLANG_WARN_DOCUMENTATION_COMMENTS = YES;
				CLANG_WARN_EMPTY_BODY = YES;
				CLANG_WARN_ENUM_CONVERSION = YES;
				CLANG_WARN_INFINITE_RECURSION = YES;
				CLANG_WARN_INT_CONVERSION = YES;
				CLANG_WARN_NON_LITERAL_NULL_CONVERSION = YES;
				CLANG_WARN_OBJC_IMPLICIT_RETAIN_SELF = YES;
				CLANG_WARN_OBJC_LITERAL_CONVERSION = YES;
				CLANG_WARN_OBJC_ROOT_CLASS = YES_ERROR;
				CLANG_WARN_QUOTED_INCLUDE_IN_FRAMEWORK_HEADER = YES;
				CLANG_WARN_RANGE_LOOP_ANALYSIS = YES;
				CLANG_WARN_STRICT_PROTOTYPES = YES;
				CLANG_WARN_SUSPICIOUS_MOVE = YES;
				CLANG_WARN_UNGUARDED_AVAILABILITY = YES_AGGRESSIVE;
				CLANG_WARN_UNREACHABLE_CODE = YES;
				CLANG_WARN__DUPLICATE_METHOD_MATCH = YES;
				COPY_PHASE_STRIP = NO;
				DEBUG_INFORMATION_FORMAT = dwarf;
				ENABLE_STRICT_OBJC_MSGSEND = YES;
				ENABLE_TESTABILITY = YES;
				ENABLE_USER_SCRIPT_SANDBOXING = YES;
				GCC_C_LANGUAGE_STANDARD = gnu17;
				GCC_DYNAMIC_NO_PIC = NO;
				GCC_NO_COMMON_BLOCKS = YES;
				GCC_OPTIMIZATION_LEVEL = 0;
				GCC_PREPROCESSOR_DEFINITIONS = (
					"DEBUG=1",
					"$(inherited)",
				);
				GCC_WARN_64_TO_32_BIT_CONVERSION = YES;
				GCC_WARN_ABOUT_RETURN_TYPE = YES_ERROR;
				GCC_WARN_UNDECLARED_SELECTOR = YES;
				GCC_WARN_UNINITIALIZED_AUTOS = YES_AGGRESSIVE;
				GCC_WARN_UNUSED_FUNCTION = YES;
				GCC_WARN_UNUSED_VARIABLE = YES;
				IPHONEOS_DEPLOYMENT_TARGET = 18.0;
				LOCALIZATION_PREFERS_STRING_CATALOGS = YES;
				MTL_ENABLE_DEBUG_INFO = INCLUDE_SOURCE;
				MTL_FAST_MATH = YES;
				ONLY_ACTIVE_ARCH = YES;
				SDKROOT = iphoneos;
				SWIFT_ACTIVE_COMPILATION_CONDITIONS = "DEBUG $(inherited)";
				SWIFT_OPTIMIZATION_LEVEL = "-Onone";
			};
			name = Debug;
		};
		9712D59F2CD40FA200A2C112 /* Release */ = {
			isa = XCBuildConfiguration;
			buildSettings = {
				ALWAYS_SEARCH_USER_PATHS = NO;
				ASSETCATALOG_COMPILER_GENERATE_SWIFT_ASSET_SYMBOL_EXTENSIONS = YES;
				CLANG_ANALYZER_NONNULL = YES;
				CLANG_ANALYZER_NUMBER_OBJECT_CONVERSION = YES_AGGRESSIVE;
				CLANG_CXX_LANGUAGE_STANDARD = "gnu++20";
				CLANG_ENABLE_MODULES = YES;
				CLANG_ENABLE_OBJC_ARC = YES;
				CLANG_ENABLE_OBJC_WEAK = YES;
				CLANG_WARN_BLOCK_CAPTURE_AUTORELEASING = YES;
				CLANG_WARN_BOOL_CONVERSION = YES;
				CLANG_WARN_COMMA = YES;
				CLANG_WARN_CONSTANT_CONVERSION = YES;
				CLANG_WARN_DEPRECATED_OBJC_IMPLEMENTATIONS = YES;
				CLANG_WARN_DIRECT_OBJC_ISA_USAGE = YES_ERROR;
				CLANG_WARN_DOCUMENTATION_COMMENTS = YES;
				CLANG_WARN_EMPTY_BODY = YES;
				CLANG_WARN_ENUM_CONVERSION = YES;
				CLANG_WARN_INFINITE_RECURSION = YES;
				CLANG_WARN_INT_CONVERSION = YES;
				CLANG_WARN_NON_LITERAL_NULL_CONVERSION = YES;
				CLANG_WARN_OBJC_IMPLICIT_RETAIN_SELF = YES;
				CLANG_WARN_OBJC_LITERAL_CONVERSION = YES;
				CLANG_WARN_OBJC_ROOT_CLASS = YES_ERROR;
				CLANG_WARN_QUOTED_INCLUDE_IN_FRAMEWORK_HEADER = YES;
				CLANG_WARN_RANGE_LOOP_ANALYSIS = YES;
				CLANG_WARN_STRICT_PROTOTYPES = YES;
				CLANG_WARN_SUSPICIOUS_MOVE = YES;
				CLANG_WARN_UNGUARDED_AVAILABILITY = YES_AGGRESSIVE;
				CLANG_WARN_UNREACHABLE_CODE = YES;
				CLANG_WARN__DUPLICATE_METHOD_MATCH = YES;
				COPY_PHASE_STRIP = NO;
				DEBUG_INFORMATION_FORMAT = "dwarf-with-dsym";
				ENABLE_NS_ASSERTIONS = NO;
				ENABLE_STRICT_OBJC_MSGSEND = YES;
				ENABLE_USER_SCRIPT_SANDBOXING = YES;
				GCC_C_LANGUAGE_STANDARD = gnu17;
				GCC_NO_COMMON_BLOCKS = YES;
				GCC_WARN_64_TO_32_BIT_CONVERSION = YES;
				GCC_WARN_ABOUT_RETURN_TYPE = YES_ERROR;
				GCC_WARN_UNDECLARED_SELECTOR = YES;
				GCC_WARN_UNINITIALIZED_AUTOS = YES_AGGRESSIVE;
				GCC_WARN_UNUSED_FUNCTION = YES;
				GCC_WARN_UNUSED_VARIABLE = YES;
				IPHONEOS_DEPLOYMENT_TARGET = 18.0;
				LOCALIZATION_PREFERS_STRING_CATALOGS = YES;
				MTL_ENABLE_DEBUG_INFO = NO;
				MTL_FAST_MATH = YES;
				SDKROOT = iphoneos;
				SWIFT_COMPILATION_MODE = wholemodule;
				VALIDATE_PRODUCT = YES;
			};
			name = Release;
		};
		9712D5A12CD40FA200A2C112 /* Debug */ = {
			isa = XCBuildConfiguration;
			buildSettings = {
				BUNDLE_LOADER = "$(TEST_HOST)";
				CODE_SIGN_STYLE = Automatic;
				CURRENT_PROJECT_VERSION = 1;
				DEVELOPMENT_TEAM = XD924RPS39;
				GENERATE_INFOPLIST_FILE = YES;
				IPHONEOS_DEPLOYMENT_TARGET = 18.0;
				MARKETING_VERSION = 1.0;
				PRODUCT_BUNDLE_IDENTIFIER = kz.mobidev.contactslistTests;
				PRODUCT_NAME = "$(TARGET_NAME)";
				SWIFT_EMIT_LOC_STRINGS = NO;
				SWIFT_VERSION = 5.0;
				TARGETED_DEVICE_FAMILY = "1,2";
				TEST_HOST = "$(BUILT_PRODUCTS_DIR)/contactslist.app/$(BUNDLE_EXECUTABLE_FOLDER_PATH)/contactslist";
			};
			name = Debug;
		};
		9712D5A22CD40FA200A2C112 /* Release */ = {
			isa = XCBuildConfiguration;
			buildSettings = {
				BUNDLE_LOADER = "$(TEST_HOST)";
				CODE_SIGN_STYLE = Automatic;
				CURRENT_PROJECT_VERSION = 1;
				DEVELOPMENT_TEAM = XD924RPS39;
				GENERATE_INFOPLIST_FILE = YES;
				IPHONEOS_DEPLOYMENT_TARGET = 18.0;
				MARKETING_VERSION = 1.0;
				PRODUCT_BUNDLE_IDENTIFIER = kz.mobidev.contactslistTests;
				PRODUCT_NAME = "$(TARGET_NAME)";
				SWIFT_EMIT_LOC_STRINGS = NO;
				SWIFT_VERSION = 5.0;
				TARGETED_DEVICE_FAMILY = "1,2";
				TEST_HOST = "$(BUILT_PRODUCTS_DIR)/contactslist.app/$(BUNDLE_EXECUTABLE_FOLDER_PATH)/contactslist";
			};
			name = Release;
		};
		9712D5A42CD40FA200A2C112 /* Debug */ = {
			isa = XCBuildConfiguration;
			buildSettings = {
				CODE_SIGN_STYLE = Automatic;
				CURRENT_PROJECT_VERSION = 1;
				DEVELOPMENT_TEAM = XD924RPS39;
				GENERATE_INFOPLIST_FILE = YES;
				MARKETING_VERSION = 1.0;
				PRODUCT_BUNDLE_IDENTIFIER = kz.mobidev.contactslistUITests;
				PRODUCT_NAME = "$(TARGET_NAME)";
				SWIFT_EMIT_LOC_STRINGS = NO;
				SWIFT_VERSION = 5.0;
				TARGETED_DEVICE_FAMILY = "1,2";
				TEST_TARGET_NAME = contactslist;
			};
			name = Debug;
		};
		9712D5A52CD40FA200A2C112 /* Release */ = {
			isa = XCBuildConfiguration;
			buildSettings = {
				CODE_SIGN_STYLE = Automatic;
				CURRENT_PROJECT_VERSION = 1;
				DEVELOPMENT_TEAM = XD924RPS39;
				GENERATE_INFOPLIST_FILE = YES;
				MARKETING_VERSION = 1.0;
				PRODUCT_BUNDLE_IDENTIFIER = kz.mobidev.contactslistUITests;
				PRODUCT_NAME = "$(TARGET_NAME)";
				SWIFT_EMIT_LOC_STRINGS = NO;
				SWIFT_VERSION = 5.0;
				TARGETED_DEVICE_FAMILY = "1,2";
				TEST_TARGET_NAME = contactslist;
			};
			name = Release;
		};
/* End XCBuildConfiguration section */

/* Begin XCConfigurationList section */
		9712D56D2CD40FA000A2C112 /* Build configuration list for PBXProject "contactslist" */ = {
			isa = XCConfigurationList;
			buildConfigurations = (
				9712D59E2CD40FA200A2C112 /* Debug */,
				9712D59F2CD40FA200A2C112 /* Release */,
			);
			defaultConfigurationIsVisible = 0;
			defaultConfigurationName = Release;
		};
		9712D59B2CD40FA200A2C112 /* Build configuration list for PBXNativeTarget "contactslist" */ = {
			isa = XCConfigurationList;
			buildConfigurations = (
				9712D59C2CD40FA200A2C112 /* Debug */,
				9712D59D2CD40FA200A2C112 /* Release */,
			);
			defaultConfigurationIsVisible = 0;
			defaultConfigurationName = Release;
		};
		9712D5A02CD40FA200A2C112 /* Build configuration list for PBXNativeTarget "contactslistTests" */ = {
			isa = XCConfigurationList;
			buildConfigurations = (
				9712D5A12CD40FA200A2C112 /* Debug */,
				9712D5A22CD40FA200A2C112 /* Release */,
			);
			defaultConfigurationIsVisible = 0;
			defaultConfigurationName = Release;
		};
		9712D5A32CD40FA200A2C112 /* Build configuration list for PBXNativeTarget "contactslistUITests" */ = {
			isa = XCConfigurationList;
			buildConfigurations = (
				9712D5A42CD40FA200A2C112 /* Debug */,
				9712D5A52CD40FA200A2C112 /* Release */,
			);
			defaultConfigurationIsVisible = 0;
			defaultConfigurationName = Release;
		};
/* End XCConfigurationList section */
	};
	rootObject = 9712D56A2CD40FA000A2C112 /* Project object */;
}
